// !$*UTF8*$!
{
	archiveVersion = 1;
	classes = {
	};
	objectVersion = 48;
	objects = {

/* Begin PBXBuildFile section */
		394AD5FA1F909B1900029EB4 /* art.scnassets in Resources */ = {isa = PBXBuildFile; fileRef = 39805A241F8FCE6F008C7047 /* art.scnassets */; };
		39AEB9261F8FC71800932939 /* AppDelegate.swift in Sources */ = {isa = PBXBuildFile; fileRef = 39AEB9251F8FC71800932939 /* AppDelegate.swift */; };
		39AEB9281F8FC71800932939 /* ViewController.swift in Sources */ = {isa = PBXBuildFile; fileRef = 39AEB9271F8FC71800932939 /* ViewController.swift */; };
		39AEB92B1F8FC71800932939 /* Main.storyboard in Resources */ = {isa = PBXBuildFile; fileRef = 39AEB9291F8FC71800932939 /* Main.storyboard */; };
		39AEB92D1F8FC71800932939 /* Assets.xcassets in Resources */ = {isa = PBXBuildFile; fileRef = 39AEB92C1F8FC71800932939 /* Assets.xcassets */; };
		39AEB9301F8FC71800932939 /* LaunchScreen.storyboard in Resources */ = {isa = PBXBuildFile; fileRef = 39AEB92E1F8FC71800932939 /* LaunchScreen.storyboard */; };
/* End PBXBuildFile section */

/* Begin PBXFileReference section */
		39805A241F8FCE6F008C7047 /* art.scnassets */ = {isa = PBXFileReference; lastKnownFileType = wrapper.scnassets; path = art.scnassets; sourceTree = "<group>"; };
		39AEB9221F8FC71800932939 /* ARKitDune.app */ = {isa = PBXFileReference; explicitFileType = wrapper.application; includeInIndex = 0; path = ARKitDune.app; sourceTree = BUILT_PRODUCTS_DIR; };
		39AEB9251F8FC71800932939 /* AppDelegate.swift */ = {isa = PBXFileReference; lastKnownFileType = sourcecode.swift; path = AppDelegate.swift; sourceTree = "<group>"; };
		39AEB9271F8FC71800932939 /* ViewController.swift */ = {isa = PBXFileReference; lastKnownFileType = sourcecode.swift; path = ViewController.swift; sourceTree = "<group>"; };
		39AEB92A1F8FC71800932939 /* Base */ = {isa = PBXFileReference; lastKnownFileType = file.storyboard; name = Base; path = Base.lproj/Main.storyboard; sourceTree = "<group>"; };
		39AEB92C1F8FC71800932939 /* Assets.xcassets */ = {isa = PBXFileReference; lastKnownFileType = folder.assetcatalog; path = Assets.xcassets; sourceTree = "<group>"; };
		39AEB92F1F8FC71800932939 /* Base */ = {isa = PBXFileReference; lastKnownFileType = file.storyboard; name = Base; path = Base.lproj/LaunchScreen.storyboard; sourceTree = "<group>"; };
		39AEB9311F8FC71800932939 /* Info.plist */ = {isa = PBXFileReference; lastKnownFileType = text.plist.xml; path = Info.plist; sourceTree = "<group>"; };
/* End PBXFileReference section */

/* Begin PBXFrameworksBuildPhase section */
		39AEB91F1F8FC71800932939 /* Frameworks */ = {
			isa = PBXFrameworksBuildPhase;
			buildActionMask = 2147483647;
			files = (
			);
			runOnlyForDeploymentPostprocessing = 0;
		};
/* End PBXFrameworksBuildPhase section */

/* Begin PBXGroup section */
		39AEB9191F8FC71800932939 = {
			isa = PBXGroup;
			children = (
				39AEB9241F8FC71800932939 /* ARKitDune */,
				39AEB9231F8FC71800932939 /* Products */,
			);
			sourceTree = "<group>";
		};
		39AEB9231F8FC71800932939 /* Products */ = {
			isa = PBXGroup;
			children = (
				39AEB9221F8FC71800932939 /* ARKitDune.app */,
			);
			name = Products;
			sourceTree = "<group>";
		};
		39AEB9241F8FC71800932939 /* ARKitDune */ = {
			isa = PBXGroup;
			children = (
				39AEB9251F8FC71800932939 /* AppDelegate.swift */,
				39AEB9271F8FC71800932939 /* ViewController.swift */,
				39805A241F8FCE6F008C7047 /* art.scnassets */,
				39AEB9291F8FC71800932939 /* Main.storyboard */,
				39AEB92C1F8FC71800932939 /* Assets.xcassets */,
				39AEB92E1F8FC71800932939 /* LaunchScreen.storyboard */,
				39AEB9311F8FC71800932939 /* Info.plist */,
			);
			path = ARKitDune;
			sourceTree = "<group>";
		};
/* End PBXGroup section */

/* Begin PBXNativeTarget section */
		39AEB9211F8FC71800932939 /* ARKitDune */ = {
			isa = PBXNativeTarget;
			buildConfigurationList = 39AEB9341F8FC71800932939 /* Build configuration list for PBXNativeTarget "ARKitDune" */;
			buildPhases = (
				39AEB91E1F8FC71800932939 /* Sources */,
				39AEB91F1F8FC71800932939 /* Frameworks */,
				39AEB9201F8FC71800932939 /* Resources */,
			);
			buildRules = (
			);
			dependencies = (
			);
			name = ARKitDune;
			productName = "arkit-dune";
			productReference = 39AEB9221F8FC71800932939 /* ARKitDune.app */;
			productType = "com.apple.product-type.application";
		};
/* End PBXNativeTarget section */

/* Begin PBXProject section */
		39AEB91A1F8FC71800932939 /* Project object */ = {
			isa = PBXProject;
			attributes = {
				LastSwiftUpdateCheck = 0900;
				LastUpgradeCheck = 0900;
				ORGANIZATIONNAME = "Ru Chern Chong";
				TargetAttributes = {
					39AEB9211F8FC71800932939 = {
						CreatedOnToolsVersion = 9.0;
						ProvisioningStyle = Automatic;
					};
				};
			};
			buildConfigurationList = 39AEB91D1F8FC71800932939 /* Build configuration list for PBXProject "ARKitDune" */;
			compatibilityVersion = "Xcode 8.0";
			developmentRegion = en;
			hasScannedForEncodings = 0;
			knownRegions = (
				en,
				Base,
			);
			mainGroup = 39AEB9191F8FC71800932939;
			productRefGroup = 39AEB9231F8FC71800932939 /* Products */;
			projectDirPath = "";
			projectRoot = "";
			targets = (
				39AEB9211F8FC71800932939 /* ARKitDune */,
			);
		};
/* End PBXProject section */

/* Begin PBXResourcesBuildPhase section */
		39AEB9201F8FC71800932939 /* Resources */ = {
			isa = PBXResourcesBuildPhase;
			buildActionMask = 2147483647;
			files = (
				39AEB9301F8FC71800932939 /* LaunchScreen.storyboard in Resources */,
				394AD5FA1F909B1900029EB4 /* art.scnassets in Resources */,
				39AEB92D1F8FC71800932939 /* Assets.xcassets in Resources */,
				39AEB92B1F8FC71800932939 /* Main.storyboard in Resources */,
			);
			runOnlyForDeploymentPostprocessing = 0;
		};
/* End PBXResourcesBuildPhase section */

/* Begin PBXSourcesBuildPhase section */
		39AEB91E1F8FC71800932939 /* Sources */ = {
			isa = PBXSourcesBuildPhase;
			buildActionMask = 2147483647;
			files = (
				39AEB9281F8FC71800932939 /* ViewController.swift in Sources */,
				39AEB9261F8FC71800932939 /* AppDelegate.swift in Sources */,
			);
			runOnlyForDeploymentPostprocessing = 0;
		};
/* End PBXSourcesBuildPhase section */

/* Begin PBXVariantGroup section */
		39AEB9291F8FC71800932939 /* Main.storyboard */ = {
			isa = PBXVariantGroup;
			children = (
				39AEB92A1F8FC71800932939 /* Base */,
			);
			name = Main.storyboard;
			sourceTree = "<group>";
		};
		39AEB92E1F8FC71800932939 /* LaunchScreen.storyboard */ = {
			isa = PBXVariantGroup;
			children = (
				39AEB92F1F8FC71800932939 /* Base */,
			);
			name = LaunchScreen.storyboard;
			sourceTree = "<group>";
		};
/* End PBXVariantGroup section */

/* Begin XCBuildConfiguration section */
		39AEB9321F8FC71800932939 /* Debug */ = {
			isa = XCBuildConfiguration;
			buildSettings = {
				ALWAYS_SEARCH_USER_PATHS = NO;
				CLANG_ANALYZER_NONNULL = YES;
				CLANG_ANALYZER_NUMBER_OBJECT_CONVERSION = YES_AGGRESSIVE;
				CLANG_CXX_LANGUAGE_STANDARD = "gnu++14";
				CLANG_CXX_LIBRARY = "libc++";
				CLANG_ENABLE_MODULES = YES;
				CLANG_ENABLE_OBJC_ARC = YES;
				CLANG_WARN_BLOCK_CAPTURE_AUTORELEASING = YES;
				CLANG_WARN_BOOL_CONVERSION = YES;
				CLANG_WARN_COMMA = YES;
				CLANG_WARN_CONSTANT_CONVERSION = YES;
				CLANG_WARN_DIRECT_OBJC_ISA_USAGE = YES_ERROR;
				CLANG_WARN_DOCUMENTATION_COMMENTS = YES;
				CLANG_WARN_EMPTY_BODY = YES;
				CLANG_WARN_ENUM_CONVERSION = YES;
				CLANG_WARN_INFINITE_RECURSION = YES;
				CLANG_WARN_INT_CONVERSION = YES;
				CLANG_WARN_NON_LITERAL_NULL_CONVERSION = YES;
				CLANG_WARN_OBJC_LITERAL_CONVERSION = YES;
				CLANG_WARN_OBJC_ROOT_CLASS = YES_ERROR;
				CLANG_WARN_RANGE_LOOP_ANALYSIS = YES;
				CLANG_WARN_STRICT_PROTOTYPES = YES;
				CLANG_WARN_SUSPICIOUS_MOVE = YES;
				CLANG_WARN_UNGUARDED_AVAILABILITY = YES_AGGRESSIVE;
				CLANG_WARN_UNREACHABLE_CODE = YES;
				CLANG_WARN__DUPLICATE_METHOD_MATCH = YES;
				CODE_SIGN_IDENTITY = "iPhone Developer";
				COPY_PHASE_STRIP = NO;
				DEBUG_INFORMATION_FORMAT = dwarf;
				ENABLE_STRICT_OBJC_MSGSEND = YES;
				ENABLE_TESTABILITY = YES;
				GCC_C_LANGUAGE_STANDARD = gnu11;
				GCC_DYNAMIC_NO_PIC = NO;
				GCC_NO_COMMON_BLOCKS = YES;
				GCC_OPTIMIZATION_LEVEL = 0;
				GCC_PREPROCESSOR_DEFINITIONS = (
					"DEBUG=1",
					"$(inherited)",
				);
				GCC_WARN_64_TO_32_BIT_CONVERSION = YES;
				GCC_WARN_ABOUT_RETURN_TYPE = YES_ERROR;
				GCC_WARN_UNDECLARED_SELECTOR = YES;
				GCC_WARN_UNINITIALIZED_AUTOS = YES_AGGRESSIVE;
				GCC_WARN_UNUSED_FUNCTION = YES;
				GCC_WARN_UNUSED_VARIABLE = YES;
				IPHONEOS_DEPLOYMENT_TARGET = 11.0;
				MTL_ENABLE_DEBUG_INFO = YES;
				ONLY_ACTIVE_ARCH = YES;
				SDKROOT = iphoneos;
				SWIFT_ACTIVE_COMPILATION_CONDITIONS = DEBUG;
				SWIFT_OPTIMIZATION_LEVEL = "-Onone";
			};
			name = Debug;
		};
		39AEB9331F8FC71800932939 /* Release */ = {
			isa = XCBuildConfiguration;
			buildSettings = {
				ALWAYS_SEARCH_USER_PATHS = NO;
				CLANG_ANALYZER_NONNULL = YES;
				CLANG_ANALYZER_NUMBER_OBJECT_CONVERSION = YES_AGGRESSIVE;
				CLANG_CXX_LANGUAGE_STANDARD = "gnu++14";
				CLANG_CXX_LIBRARY = "libc++";
				CLANG_ENABLE_MODULES = YES;
				CLANG_ENABLE_OBJC_ARC = YES;
				CLANG_WARN_BLOCK_CAPTURE_AUTORELEASING = YES;
				CLANG_WARN_BOOL_CONVERSION = YES;
				CLANG_WARN_COMMA = YES;
				CLANG_WARN_CONSTANT_CONVERSION = YES;
				CLANG_WARN_DIRECT_OBJC_ISA_USAGE = YES_ERROR;
				CLANG_WARN_DOCUMENTATION_COMMENTS = YES;
				CLANG_WARN_EMPTY_BODY = YES;
				CLANG_WARN_ENUM_CONVERSION = YES;
				CLANG_WARN_INFINITE_RECURSION = YES;
				CLANG_WARN_INT_CONVERSION = YES;
				CLANG_WARN_NON_LITERAL_NULL_CONVERSION = YES;
				CLANG_WARN_OBJC_LITERAL_CONVERSION = YES;
				CLANG_WARN_OBJC_ROOT_CLASS = YES_ERROR;
				CLANG_WARN_RANGE_LOOP_ANALYSIS = YES;
				CLANG_WARN_STRICT_PROTOTYPES = YES;
				CLANG_WARN_SUSPICIOUS_MOVE = YES;
				CLANG_WARN_UNGUARDED_AVAILABILITY = YES_AGGRESSIVE;
				CLANG_WARN_UNREACHABLE_CODE = YES;
				CLANG_WARN__DUPLICATE_METHOD_MATCH = YES;
				CODE_SIGN_IDENTITY = "iPhone Developer";
				COPY_PHASE_STRIP = NO;
				DEBUG_INFORMATION_FORMAT = "dwarf-with-dsym";
				ENABLE_NS_ASSERTIONS = NO;
				ENABLE_STRICT_OBJC_MSGSEND = YES;
				GCC_C_LANGUAGE_STANDARD = gnu11;
				GCC_NO_COMMON_BLOCKS = YES;
				GCC_WARN_64_TO_32_BIT_CONVERSION = YES;
				GCC_WARN_ABOUT_RETURN_TYPE = YES_ERROR;
				GCC_WARN_UNDECLARED_SELECTOR = YES;
				GCC_WARN_UNINITIALIZED_AUTOS = YES_AGGRESSIVE;
				GCC_WARN_UNUSED_FUNCTION = YES;
				GCC_WARN_UNUSED_VARIABLE = YES;
				IPHONEOS_DEPLOYMENT_TARGET = 11.0;
				MTL_ENABLE_DEBUG_INFO = NO;
				SDKROOT = iphoneos;
				SWIFT_OPTIMIZATION_LEVEL = "-Owholemodule";
				VALIDATE_PRODUCT = YES;
			};
			name = Release;
		};
		39AEB9351F8FC71800932939 /* Debug */ = {
			isa = XCBuildConfiguration;
			buildSettings = {
				ASSETCATALOG_COMPILER_APPICON_NAME = AppIcon;
				"CODE_SIGN_IDENTITY[sdk=iphoneos*]" = "iPhone Developer";
				CODE_SIGN_STYLE = Automatic;
				DEVELOPMENT_TEAM = BMS8CT22KN;
				INFOPLIST_FILE = "$(SRCROOT)/ARKitDune/Info.plist";
				IPHONEOS_DEPLOYMENT_TARGET = 11.0;
				LD_RUNPATH_SEARCH_PATHS = "$(inherited) @executable_path/Frameworks";
				PRODUCT_BUNDLE_IDENTIFIER = "com.6dof.arkit-dune";
				PRODUCT_NAME = "$(TARGET_NAME)";
				PROVISIONING_PROFILE_SPECIFIER = "";
				SWIFT_VERSION = 4.0;
				TARGETED_DEVICE_FAMILY = "1,2";
			};
			name = Debug;
		};
		39AEB9361F8FC71800932939 /* Release */ = {
			isa = XCBuildConfiguration;
			buildSettings = {
				ASSETCATALOG_COMPILER_APPICON_NAME = AppIcon;
				"CODE_SIGN_IDENTITY[sdk=iphoneos*]" = "iPhone Developer";
				CODE_SIGN_STYLE = Automatic;
				DEVELOPMENT_TEAM = BMS8CT22KN;
				INFOPLIST_FILE = "$(SRCROOT)/ARKitDune/Info.plist";
				IPHONEOS_DEPLOYMENT_TARGET = 11.0;
				LD_RUNPATH_SEARCH_PATHS = "$(inherited) @executable_path/Frameworks";
				PRODUCT_BUNDLE_IDENTIFIER = "com.6dof.arkit-dune";
				PRODUCT_NAME = "$(TARGET_NAME)";
				PROVISIONING_PROFILE_SPECIFIER = "";
				SWIFT_VERSION = 4.0;
				TARGETED_DEVICE_FAMILY = "1,2";
			};
			name = Release;
		};
/* End XCBuildConfiguration section */

/* Begin XCConfigurationList section */
		39AEB91D1F8FC71800932939 /* Build configuration list for PBXProject "ARKitDune" */ = {
			isa = XCConfigurationList;
			buildConfigurations = (
				39AEB9321F8FC71800932939 /* Debug */,
				39AEB9331F8FC71800932939 /* Release */,
			);
			defaultConfigurationIsVisible = 0;
			defaultConfigurationName = Release;
		};
		39AEB9341F8FC71800932939 /* Build configuration list for PBXNativeTarget "ARKitDune" */ = {
			isa = XCConfigurationList;
			buildConfigurations = (
				39AEB9351F8FC71800932939 /* Debug */,
				39AEB9361F8FC71800932939 /* Release */,
			);
			defaultConfigurationIsVisible = 0;
			defaultConfigurationName = Release;
		};
/* End XCConfigurationList section */
	};
	rootObject = 39AEB91A1F8FC71800932939 /* Project object */;
}
